
Microsoft Visual Studio Solution File, Format Version 12.00
# Visual Studio 2013
VisualStudioVersion = 12.0.21005.1
MinimumVisualStudioVersion = 10.0.40219.1
Project("{FAE04EC0-301F-11D3-BF4B-00C04F79EFBC}") = "Speech_rec", "Speech_rec\Speech_rec.csproj", "{32CED47E-B748-45DF-9D9F-493B6A09AD7B}"
EndProject
Global
	GlobalSection(SolutionConfigurationPlatforms) = preSolution
		Debug|Any CPU = Debug|Any CPU
		Release|Any CPU = Release|Any CPU
	EndGlobalSection
	GlobalSection(ProjectConfigurationPlatforms) = postSolution
		{32CED47E-B748-45DF-9D9F-493B6A09AD7B}.Debug|Any CPU.ActiveCfg = Debug|Any CPU
		{32CED47E-B748-45DF-9D9F-493B6A09AD7B}.Debug|Any CPU.Build.0 = Debug|Any CPU
		{32CED47E-B748-45DF-9D9F-493B6A09AD7B}.Release|Any CPU.ActiveCfg = Release|Any CPU
		{32CED47E-B748-45DF-9D9F-493B6A09AD7B}.Release|Any CPU.Build.0 = Release|Any CPU
	EndGlobalSection
	GlobalSection(SolutionProperties) = preSolution
		HideSolutionNode = FALSE
	EndGlobalSection
EndGlobal
