Microsoft Visual Studio Solution File, Format Version 7.00
Project("{FAE04EC0-301F-11D3-BF4B-00C04F79EFBC}") = "TicTacToeWin32", "TicTacToeWin32.csproj", "{D0FEDDAF-A0CD-41C7-93A3-01A4B6F64FC7}"
EndProject
Global
	GlobalSection(SolutionConfiguration) = preSolution
		ConfigName.0 = Debug
		ConfigName.1 = Release
	EndGlobalSection
	GlobalSection(ProjectDependencies) = postSolution
	EndGlobalSection
	GlobalSection(ProjectConfiguration) = postSolution
		{D0FEDDAF-A0CD-41C7-93A3-01A4B6F64FC7}.Debug.ActiveCfg = Debug|.NET
		{D0FEDDAF-A0CD-41C7-93A3-01A4B6F64FC7}.Debug.Build.0 = Debug|.NET
		{D0FEDDAF-A0CD-41C7-93A3-01A4B6F64FC7}.Release.ActiveCfg = Release|.NET
		{D0FEDDAF-A0CD-41C7-93A3-01A4B6F64FC7}.Release.Build.0 = Release|.NET
	EndGlobalSection
	GlobalSection(ExtensibilityGlobals) = postSolution
	EndGlobalSection
	GlobalSection(ExtensibilityAddIns) = postSolution
	EndGlobalSection
EndGlobal
